// !$*UTF8*$!
{
	archiveVersion = 1;
	classes = {
	};
	objectVersion = 50;
	objects = {

/* Begin PBXBuildFile section */
		146AB1B6219D907100269B03 /* AppDelegate.swift in Sources */ = {isa = PBXBuildFile; fileRef = 146AB1B5219D907100269B03 /* AppDelegate.swift */; };
		146AB1BB219D907100269B03 /* Main.storyboard in Resources */ = {isa = PBXBuildFile; fileRef = 146AB1B9219D907100269B03 /* Main.storyboard */; };
		146AB1BE219D907100269B03 /* LocationTracker.xcdatamodeld in Sources */ = {isa = PBXBuildFile; fileRef = 146AB1BC219D907100269B03 /* LocationTracker.xcdatamodeld */; };
		146AB1C0219D907300269B03 /* Assets.xcassets in Resources */ = {isa = PBXBuildFile; fileRef = 146AB1BF219D907300269B03 /* Assets.xcassets */; };
		146AB1C3219D907300269B03 /* LaunchScreen.storyboard in Resources */ = {isa = PBXBuildFile; fileRef = 146AB1C1219D907300269B03 /* LaunchScreen.storyboard */; };
		146AB1CE219D907400269B03 /* LocationTrackerTests.swift in Sources */ = {isa = PBXBuildFile; fileRef = 146AB1CD219D907400269B03 /* LocationTrackerTests.swift */; };
		146AB1D9219D907400269B03 /* LocationTrackerUITests.swift in Sources */ = {isa = PBXBuildFile; fileRef = 146AB1D8219D907400269B03 /* LocationTrackerUITests.swift */; };
		146AB1E7219D90B200269B03 /* LocationTrackerViewController.swift in Sources */ = {isa = PBXBuildFile; fileRef = 146AB1E6219D90B200269B03 /* LocationTrackerViewController.swift */; };
		146AB1E9219D9A4100269B03 /* LocationTrackingInteractor.swift in Sources */ = {isa = PBXBuildFile; fileRef = 146AB1E8219D9A4100269B03 /* LocationTrackingInteractor.swift */; };
		146AB1EB219D9EED00269B03 /* LocationTrackingWorker.swift in Sources */ = {isa = PBXBuildFile; fileRef = 146AB1EA219D9EED00269B03 /* LocationTrackingWorker.swift */; };
		146AB1ED219DA24E00269B03 /* LocationTrackerPresenter.swift in Sources */ = {isa = PBXBuildFile; fileRef = 146AB1EC219DA24E00269B03 /* LocationTrackerPresenter.swift */; };
/* End PBXBuildFile section */

/* Begin PBXContainerItemProxy section */
		146AB1CA219D907400269B03 /* PBXContainerItemProxy */ = {
			isa = PBXContainerItemProxy;
			containerPortal = 146AB1AA219D907100269B03 /* Project object */;
			proxyType = 1;
			remoteGlobalIDString = 146AB1B1219D907100269B03;
			remoteInfo = LocationTracker;
		};
		146AB1D5219D907400269B03 /* PBXContainerItemProxy */ = {
			isa = PBXContainerItemProxy;
			containerPortal = 146AB1AA219D907100269B03 /* Project object */;
			proxyType = 1;
			remoteGlobalIDString = 146AB1B1219D907100269B03;
			remoteInfo = LocationTracker;
		};
/* End PBXContainerItemProxy section */

/* Begin PBXFileReference section */
		146AB1B2219D907100269B03 /* LocationTracker.app */ = {isa = PBXFileReference; explicitFileType = wrapper.application; includeInIndex = 0; path = LocationTracker.app; sourceTree = BUILT_PRODUCTS_DIR; };
		146AB1B5219D907100269B03 /* AppDelegate.swift */ = {isa = PBXFileReference; lastKnownFileType = sourcecode.swift; path = AppDelegate.swift; sourceTree = "<group>"; };
		146AB1BA219D907100269B03 /* Base */ = {isa = PBXFileReference; lastKnownFileType = file.storyboard; name = Base; path = Base.lproj/Main.storyboard; sourceTree = "<group>"; };
		146AB1BD219D907100269B03 /* LocationTracker.xcdatamodel */ = {isa = PBXFileReference; lastKnownFileType = wrapper.xcdatamodel; path = LocationTracker.xcdatamodel; sourceTree = "<group>"; };
		146AB1BF219D907300269B03 /* Assets.xcassets */ = {isa = PBXFileReference; lastKnownFileType = folder.assetcatalog; path = Assets.xcassets; sourceTree = "<group>"; };
		146AB1C2219D907300269B03 /* Base */ = {isa = PBXFileReference; lastKnownFileType = file.storyboard; name = Base; path = Base.lproj/LaunchScreen.storyboard; sourceTree = "<group>"; };
		146AB1C4219D907300269B03 /* Info.plist */ = {isa = PBXFileReference; lastKnownFileType = text.plist.xml; path = Info.plist; sourceTree = "<group>"; };
		146AB1C9219D907400269B03 /* LocationTrackerTests.xctest */ = {isa = PBXFileReference; explicitFileType = wrapper.cfbundle; includeInIndex = 0; path = LocationTrackerTests.xctest; sourceTree = BUILT_PRODUCTS_DIR; };
		146AB1CD219D907400269B03 /* LocationTrackerTests.swift */ = {isa = PBXFileReference; lastKnownFileType = sourcecode.swift; path = LocationTrackerTests.swift; sourceTree = "<group>"; };
		146AB1CF219D907400269B03 /* Info.plist */ = {isa = PBXFileReference; lastKnownFileType = text.plist.xml; path = Info.plist; sourceTree = "<group>"; };
		146AB1D4219D907400269B03 /* LocationTrackerUITests.xctest */ = {isa = PBXFileReference; explicitFileType = wrapper.cfbundle; includeInIndex = 0; path = LocationTrackerUITests.xctest; sourceTree = BUILT_PRODUCTS_DIR; };
		146AB1D8219D907400269B03 /* LocationTrackerUITests.swift */ = {isa = PBXFileReference; lastKnownFileType = sourcecode.swift; path = LocationTrackerUITests.swift; sourceTree = "<group>"; };
		146AB1DA219D907400269B03 /* Info.plist */ = {isa = PBXFileReference; lastKnownFileType = text.plist.xml; path = Info.plist; sourceTree = "<group>"; };
		146AB1E6219D90B200269B03 /* LocationTrackerViewController.swift */ = {isa = PBXFileReference; lastKnownFileType = sourcecode.swift; path = LocationTrackerViewController.swift; sourceTree = "<group>"; };
		146AB1E8219D9A4100269B03 /* LocationTrackingInteractor.swift */ = {isa = PBXFileReference; lastKnownFileType = sourcecode.swift; path = LocationTrackingInteractor.swift; sourceTree = "<group>"; };
		146AB1EA219D9EED00269B03 /* LocationTrackingWorker.swift */ = {isa = PBXFileReference; lastKnownFileType = sourcecode.swift; path = LocationTrackingWorker.swift; sourceTree = "<group>"; };
		146AB1EC219DA24E00269B03 /* LocationTrackerPresenter.swift */ = {isa = PBXFileReference; lastKnownFileType = sourcecode.swift; path = LocationTrackerPresenter.swift; sourceTree = "<group>"; };
/* End PBXFileReference section */

/* Begin PBXFrameworksBuildPhase section */
		146AB1AF219D907100269B03 /* Frameworks */ = {
			isa = PBXFrameworksBuildPhase;
			buildActionMask = 2147483647;
			files = (
			);
			runOnlyForDeploymentPostprocessing = 0;
		};
		146AB1C6219D907400269B03 /* Frameworks */ = {
			isa = PBXFrameworksBuildPhase;
			buildActionMask = 2147483647;
			files = (
			);
			runOnlyForDeploymentPostprocessing = 0;
		};
		146AB1D1219D907400269B03 /* Frameworks */ = {
			isa = PBXFrameworksBuildPhase;
			buildActionMask = 2147483647;
			files = (
			);
			runOnlyForDeploymentPostprocessing = 0;
		};
/* End PBXFrameworksBuildPhase section */

/* Begin PBXGroup section */
		146AB1A9219D907100269B03 = {
			isa = PBXGroup;
			children = (
				146AB1EE219DC2A400269B03 /* LocationTracking */,
				146AB1B4219D907100269B03 /* LocationTracker */,
				146AB1CC219D907400269B03 /* LocationTrackerTests */,
				146AB1D7219D907400269B03 /* LocationTrackerUITests */,
				146AB1B3219D907100269B03 /* Products */,
			);
			sourceTree = "<group>";
		};
		146AB1B3219D907100269B03 /* Products */ = {
			isa = PBXGroup;
			children = (
				146AB1B2219D907100269B03 /* LocationTracker.app */,
				146AB1C9219D907400269B03 /* LocationTrackerTests.xctest */,
				146AB1D4219D907400269B03 /* LocationTrackerUITests.xctest */,
			);
			name = Products;
			sourceTree = "<group>";
		};
		146AB1B4219D907100269B03 /* LocationTracker */ = {
			isa = PBXGroup;
			children = (
				146AB1B5219D907100269B03 /* AppDelegate.swift */,
				146AB1B9219D907100269B03 /* Main.storyboard */,
				146AB1BF219D907300269B03 /* Assets.xcassets */,
				146AB1C1219D907300269B03 /* LaunchScreen.storyboard */,
				146AB1C4219D907300269B03 /* Info.plist */,
				146AB1BC219D907100269B03 /* LocationTracker.xcdatamodeld */,
			);
			path = LocationTracker;
			sourceTree = "<group>";
		};
		146AB1CC219D907400269B03 /* LocationTrackerTests */ = {
			isa = PBXGroup;
			children = (
				146AB1CD219D907400269B03 /* LocationTrackerTests.swift */,
				146AB1CF219D907400269B03 /* Info.plist */,
			);
			path = LocationTrackerTests;
			sourceTree = "<group>";
		};
		146AB1D7219D907400269B03 /* LocationTrackerUITests */ = {
			isa = PBXGroup;
			children = (
				146AB1D8219D907400269B03 /* LocationTrackerUITests.swift */,
				146AB1DA219D907400269B03 /* Info.plist */,
			);
			path = LocationTrackerUITests;
			sourceTree = "<group>";
		};
		146AB1EE219DC2A400269B03 /* LocationTracking */ = {
			isa = PBXGroup;
			children = (
				146AB1E6219D90B200269B03 /* LocationTrackerViewController.swift */,
				146AB1EC219DA24E00269B03 /* LocationTrackerPresenter.swift */,
				146AB1E8219D9A4100269B03 /* LocationTrackingInteractor.swift */,
				146AB1EA219D9EED00269B03 /* LocationTrackingWorker.swift */,
			);
			path = LocationTracking;
			sourceTree = "<group>";
		};
/* End PBXGroup section */

/* Begin PBXNativeTarget section */
		146AB1B1219D907100269B03 /* LocationTracker */ = {
			isa = PBXNativeTarget;
			buildConfigurationList = 146AB1DD219D907400269B03 /* Build configuration list for PBXNativeTarget "LocationTracker" */;
			buildPhases = (
				146AB1AE219D907100269B03 /* Sources */,
				146AB1AF219D907100269B03 /* Frameworks */,
				146AB1B0219D907100269B03 /* Resources */,
			);
			buildRules = (
			);
			dependencies = (
			);
			name = LocationTracker;
			productName = LocationTracker;
			productReference = 146AB1B2219D907100269B03 /* LocationTracker.app */;
			productType = "com.apple.product-type.application";
		};
		146AB1C8219D907400269B03 /* LocationTrackerTests */ = {
			isa = PBXNativeTarget;
			buildConfigurationList = 146AB1E0219D907400269B03 /* Build configuration list for PBXNativeTarget "LocationTrackerTests" */;
			buildPhases = (
				146AB1C5219D907400269B03 /* Sources */,
				146AB1C6219D907400269B03 /* Frameworks */,
				146AB1C7219D907400269B03 /* Resources */,
			);
			buildRules = (
			);
			dependencies = (
				146AB1CB219D907400269B03 /* PBXTargetDependency */,
			);
			name = LocationTrackerTests;
			productName = LocationTrackerTests;
			productReference = 146AB1C9219D907400269B03 /* LocationTrackerTests.xctest */;
			productType = "com.apple.product-type.bundle.unit-test";
		};
		146AB1D3219D907400269B03 /* LocationTrackerUITests */ = {
			isa = PBXNativeTarget;
			buildConfigurationList = 146AB1E3219D907400269B03 /* Build configuration list for PBXNativeTarget "LocationTrackerUITests" */;
			buildPhases = (
				146AB1D0219D907400269B03 /* Sources */,
				146AB1D1219D907400269B03 /* Frameworks */,
				146AB1D2219D907400269B03 /* Resources */,
			);
			buildRules = (
			);
			dependencies = (
				146AB1D6219D907400269B03 /* PBXTargetDependency */,
			);
			name = LocationTrackerUITests;
			productName = LocationTrackerUITests;
			productReference = 146AB1D4219D907400269B03 /* LocationTrackerUITests.xctest */;
			productType = "com.apple.product-type.bundle.ui-testing";
		};
/* End PBXNativeTarget section */

/* Begin PBXProject section */
		146AB1AA219D907100269B03 /* Project object */ = {
			isa = PBXProject;
			attributes = {
				LastSwiftUpdateCheck = 1010;
				LastUpgradeCheck = 1010;
				ORGANIZATIONNAME = Deep;
				TargetAttributes = {
					146AB1B1219D907100269B03 = {
						CreatedOnToolsVersion = 10.1;
						SystemCapabilities = {
							com.apple.BackgroundModes = {
								enabled = 1;
							};
						};
					};
					146AB1C8219D907400269B03 = {
						CreatedOnToolsVersion = 10.1;
						TestTargetID = 146AB1B1219D907100269B03;
					};
					146AB1D3219D907400269B03 = {
						CreatedOnToolsVersion = 10.1;
						TestTargetID = 146AB1B1219D907100269B03;
					};
				};
			};
			buildConfigurationList = 146AB1AD219D907100269B03 /* Build configuration list for PBXProject "LocationTracker" */;
			compatibilityVersion = "Xcode 9.3";
			developmentRegion = en;
			hasScannedForEncodings = 0;
			knownRegions = (
				en,
				Base,
			);
			mainGroup = 146AB1A9219D907100269B03;
			productRefGroup = 146AB1B3219D907100269B03 /* Products */;
			projectDirPath = "";
			projectRoot = "";
			targets = (
				146AB1B1219D907100269B03 /* LocationTracker */,
				146AB1C8219D907400269B03 /* LocationTrackerTests */,
				146AB1D3219D907400269B03 /* LocationTrackerUITests */,
			);
		};
/* End PBXProject section */

/* Begin PBXResourcesBuildPhase section */
		146AB1B0219D907100269B03 /* Resources */ = {
			isa = PBXResourcesBuildPhase;
			buildActionMask = 2147483647;
			files = (
				146AB1C3219D907300269B03 /* LaunchScreen.storyboard in Resources */,
				146AB1C0219D907300269B03 /* Assets.xcassets in Resources */,
				146AB1BB219D907100269B03 /* Main.storyboard in Resources */,
			);
			runOnlyForDeploymentPostprocessing = 0;
		};
		146AB1C7219D907400269B03 /* Resources */ = {
			isa = PBXResourcesBuildPhase;
			buildActionMask = 2147483647;
			files = (
			);
			runOnlyForDeploymentPostprocessing = 0;
		};
		146AB1D2219D907400269B03 /* Resources */ = {
			isa = PBXResourcesBuildPhase;
			buildActionMask = 2147483647;
			files = (
			);
			runOnlyForDeploymentPostprocessing = 0;
		};
/* End PBXResourcesBuildPhase section */

/* Begin PBXSourcesBuildPhase section */
		146AB1AE219D907100269B03 /* Sources */ = {
			isa = PBXSourcesBuildPhase;
			buildActionMask = 2147483647;
			files = (
				146AB1B6219D907100269B03 /* AppDelegate.swift in Sources */,
				146AB1ED219DA24E00269B03 /* LocationTrackerPresenter.swift in Sources */,
				146AB1E7219D90B200269B03 /* LocationTrackerViewController.swift in Sources */,
				146AB1EB219D9EED00269B03 /* LocationTrackingWorker.swift in Sources */,
				146AB1BE219D907100269B03 /* LocationTracker.xcdatamodeld in Sources */,
				146AB1E9219D9A4100269B03 /* LocationTrackingInteractor.swift in Sources */,
			);
			runOnlyForDeploymentPostprocessing = 0;
		};
		146AB1C5219D907400269B03 /* Sources */ = {
			isa = PBXSourcesBuildPhase;
			buildActionMask = 2147483647;
			files = (
				146AB1CE219D907400269B03 /* LocationTrackerTests.swift in Sources */,
			);
			runOnlyForDeploymentPostprocessing = 0;
		};
		146AB1D0219D907400269B03 /* Sources */ = {
			isa = PBXSourcesBuildPhase;
			buildActionMask = 2147483647;
			files = (
				146AB1D9219D907400269B03 /* LocationTrackerUITests.swift in Sources */,
			);
			runOnlyForDeploymentPostprocessing = 0;
		};
/* End PBXSourcesBuildPhase section */

/* Begin PBXTargetDependency section */
		146AB1CB219D907400269B03 /* PBXTargetDependency */ = {
			isa = PBXTargetDependency;
			target = 146AB1B1219D907100269B03 /* LocationTracker */;
			targetProxy = 146AB1CA219D907400269B03 /* PBXContainerItemProxy */;
		};
		146AB1D6219D907400269B03 /* PBXTargetDependency */ = {
			isa = PBXTargetDependency;
			target = 146AB1B1219D907100269B03 /* LocationTracker */;
			targetProxy = 146AB1D5219D907400269B03 /* PBXContainerItemProxy */;
		};
/* End PBXTargetDependency section */

/* Begin PBXVariantGroup section */
		146AB1B9219D907100269B03 /* Main.storyboard */ = {
			isa = PBXVariantGroup;
			children = (
				146AB1BA219D907100269B03 /* Base */,
			);
			name = Main.storyboard;
			sourceTree = "<group>";
		};
		146AB1C1219D907300269B03 /* LaunchScreen.storyboard */ = {
			isa = PBXVariantGroup;
			children = (
				146AB1C2219D907300269B03 /* Base */,
			);
			name = LaunchScreen.storyboard;
			sourceTree = "<group>";
		};
/* End PBXVariantGroup section */

/* Begin XCBuildConfiguration section */
		146AB1DB219D907400269B03 /* Debug */ = {
			isa = XCBuildConfiguration;
			buildSettings = {
				ALWAYS_SEARCH_USER_PATHS = NO;
				CLANG_ANALYZER_NONNULL = YES;
				CLANG_ANALYZER_NUMBER_OBJECT_CONVERSION = YES_AGGRESSIVE;
				CLANG_CXX_LANGUAGE_STANDARD = "gnu++14";
				CLANG_CXX_LIBRARY = "libc++";
				CLANG_ENABLE_MODULES = YES;
				CLANG_ENABLE_OBJC_ARC = YES;
				CLANG_ENABLE_OBJC_WEAK = YES;
				CLANG_WARN_BLOCK_CAPTURE_AUTORELEASING = YES;
				CLANG_WARN_BOOL_CONVERSION = YES;
				CLANG_WARN_COMMA = YES;
				CLANG_WARN_CONSTANT_CONVERSION = YES;
				CLANG_WARN_DEPRECATED_OBJC_IMPLEMENTATIONS = YES;
				CLANG_WARN_DIRECT_OBJC_ISA_USAGE = YES_ERROR;
				CLANG_WARN_DOCUMENTATION_COMMENTS = YES;
				CLANG_WARN_EMPTY_BODY = YES;
				CLANG_WARN_ENUM_CONVERSION = YES;
				CLANG_WARN_INFINITE_RECURSION = YES;
				CLANG_WARN_INT_CONVERSION = YES;
				CLANG_WARN_NON_LITERAL_NULL_CONVERSION = YES;
				CLANG_WARN_OBJC_IMPLICIT_RETAIN_SELF = YES;
				CLANG_WARN_OBJC_LITERAL_CONVERSION = YES;
				CLANG_WARN_OBJC_ROOT_CLASS = YES_ERROR;
				CLANG_WARN_RANGE_LOOP_ANALYSIS = YES;
				CLANG_WARN_STRICT_PROTOTYPES = YES;
				CLANG_WARN_SUSPICIOUS_MOVE = YES;
				CLANG_WARN_UNGUARDED_AVAILABILITY = YES_AGGRESSIVE;
				CLANG_WARN_UNREACHABLE_CODE = YES;
				CLANG_WARN__DUPLICATE_METHOD_MATCH = YES;
				CODE_SIGN_IDENTITY = "iPhone Developer";
				COPY_PHASE_STRIP = NO;
				DEBUG_INFORMATION_FORMAT = dwarf;
				ENABLE_STRICT_OBJC_MSGSEND = YES;
				ENABLE_TESTABILITY = YES;
				GCC_C_LANGUAGE_STANDARD = gnu11;
				GCC_DYNAMIC_NO_PIC = NO;
				GCC_NO_COMMON_BLOCKS = YES;
				GCC_OPTIMIZATION_LEVEL = 0;
				GCC_PREPROCESSOR_DEFINITIONS = (
					"DEBUG=1",
					"$(inherited)",
				);
				GCC_WARN_64_TO_32_BIT_CONVERSION = YES;
				GCC_WARN_ABOUT_RETURN_TYPE = YES_ERROR;
				GCC_WARN_UNDECLARED_SELECTOR = YES;
				GCC_WARN_UNINITIALIZED_AUTOS = YES_AGGRESSIVE;
				GCC_WARN_UNUSED_FUNCTION = YES;
				GCC_WARN_UNUSED_VARIABLE = YES;
				IPHONEOS_DEPLOYMENT_TARGET = 12.1;
				MTL_ENABLE_DEBUG_INFO = INCLUDE_SOURCE;
				MTL_FAST_MATH = YES;
				ONLY_ACTIVE_ARCH = YES;
				SDKROOT = iphoneos;
				SWIFT_ACTIVE_COMPILATION_CONDITIONS = DEBUG;
				SWIFT_OPTIMIZATION_LEVEL = "-Onone";
			};
			name = Debug;
		};
		146AB1DC219D907400269B03 /* Release */ = {
			isa = XCBuildConfiguration;
			buildSettings = {
				ALWAYS_SEARCH_USER_PATHS = NO;
				CLANG_ANALYZER_NONNULL = YES;
				CLANG_ANALYZER_NUMBER_OBJECT_CONVERSION = YES_AGGRESSIVE;
				CLANG_CXX_LANGUAGE_STANDARD = "gnu++14";
				CLANG_CXX_LIBRARY = "libc++";
				CLANG_ENABLE_MODULES = YES;
				CLANG_ENABLE_OBJC_ARC = YES;
				CLANG_ENABLE_OBJC_WEAK = YES;
				CLANG_WARN_BLOCK_CAPTURE_AUTORELEASING = YES;
				CLANG_WARN_BOOL_CONVERSION = YES;
				CLANG_WARN_COMMA = YES;
				CLANG_WARN_CONSTANT_CONVERSION = YES;
				CLANG_WARN_DEPRECATED_OBJC_IMPLEMENTATIONS = YES;
				CLANG_WARN_DIRECT_OBJC_ISA_USAGE = YES_ERROR;
				CLANG_WARN_DOCUMENTATION_COMMENTS = YES;
				CLANG_WARN_EMPTY_BODY = YES;
				CLANG_WARN_ENUM_CONVERSION = YES;
				CLANG_WARN_INFINITE_RECURSION = YES;
				CLANG_WARN_INT_CONVERSION = YES;
				CLANG_WARN_NON_LITERAL_NULL_CONVERSION = YES;
				CLANG_WARN_OBJC_IMPLICIT_RETAIN_SELF = YES;
				CLANG_WARN_OBJC_LITERAL_CONVERSION = YES;
				CLANG_WARN_OBJC_ROOT_CLASS = YES_ERROR;
				CLANG_WARN_RANGE_LOOP_ANALYSIS = YES;
				CLANG_WARN_STRICT_PROTOTYPES = YES;
				CLANG_WARN_SUSPICIOUS_MOVE = YES;
				CLANG_WARN_UNGUARDED_AVAILABILITY = YES_AGGRESSIVE;
				CLANG_WARN_UNREACHABLE_CODE = YES;
				CLANG_WARN__DUPLICATE_METHOD_MATCH = YES;
				CODE_SIGN_IDENTITY = "iPhone Developer";
				COPY_PHASE_STRIP = NO;
				DEBUG_INFORMATION_FORMAT = "dwarf-with-dsym";
				ENABLE_NS_ASSERTIONS = NO;
				ENABLE_STRICT_OBJC_MSGSEND = YES;
				GCC_C_LANGUAGE_STANDARD = gnu11;
				GCC_NO_COMMON_BLOCKS = YES;
				GCC_WARN_64_TO_32_BIT_CONVERSION = YES;
				GCC_WARN_ABOUT_RETURN_TYPE = YES_ERROR;
				GCC_WARN_UNDECLARED_SELECTOR = YES;
				GCC_WARN_UNINITIALIZED_AUTOS = YES_AGGRESSIVE;
				GCC_WARN_UNUSED_FUNCTION = YES;
				GCC_WARN_UNUSED_VARIABLE = YES;
				IPHONEOS_DEPLOYMENT_TARGET = 12.1;
				MTL_ENABLE_DEBUG_INFO = NO;
				MTL_FAST_MATH = YES;
				SDKROOT = iphoneos;
				SWIFT_COMPILATION_MODE = wholemodule;
				SWIFT_OPTIMIZATION_LEVEL = "-O";
				VALIDATE_PRODUCT = YES;
			};
			name = Release;
		};
		146AB1DE219D907400269B03 /* Debug */ = {
			isa = XCBuildConfiguration;
			buildSettings = {
				ASSETCATALOG_COMPILER_APPICON_NAME = AppIcon;
				CODE_SIGN_STYLE = Automatic;
				INFOPLIST_FILE = LocationTracker/Info.plist;
				LD_RUNPATH_SEARCH_PATHS = (
					"$(inherited)",
					"@executable_path/Frameworks",
				);
				PRODUCT_BUNDLE_IDENTIFIER = deep.LocationTracker;
				PRODUCT_NAME = "$(TARGET_NAME)";
				SWIFT_VERSION = 4.2;
				TARGETED_DEVICE_FAMILY = "1,2";
			};
			name = Debug;
		};
		146AB1DF219D907400269B03 /* Release */ = {
			isa = XCBuildConfiguration;
			buildSettings = {
				ASSETCATALOG_COMPILER_APPICON_NAME = AppIcon;
				CODE_SIGN_STYLE = Automatic;
				INFOPLIST_FILE = LocationTracker/Info.plist;
				LD_RUNPATH_SEARCH_PATHS = (
					"$(inherited)",
					"@executable_path/Frameworks",
				);
				PRODUCT_BUNDLE_IDENTIFIER = deep.LocationTracker;
				PRODUCT_NAME = "$(TARGET_NAME)";
				SWIFT_VERSION = 4.2;
				TARGETED_DEVICE_FAMILY = "1,2";
			};
			name = Release;
		};
		146AB1E1219D907400269B03 /* Debug */ = {
			isa = XCBuildConfiguration;
			buildSettings = {
				ALWAYS_EMBED_SWIFT_STANDARD_LIBRARIES = YES;
				BUNDLE_LOADER = "$(TEST_HOST)";
				CODE_SIGN_STYLE = Automatic;
				INFOPLIST_FILE = LocationTrackerTests/Info.plist;
				LD_RUNPATH_SEARCH_PATHS = (
					"$(inherited)",
					"@executable_path/Frameworks",
					"@loader_path/Frameworks",
				);
				PRODUCT_BUNDLE_IDENTIFIER = deep.LocationTrackerTests;
				PRODUCT_NAME = "$(TARGET_NAME)";
				SWIFT_VERSION = 4.2;
				TARGETED_DEVICE_FAMILY = "1,2";
				TEST_HOST = "$(BUILT_PRODUCTS_DIR)/LocationTracker.app/LocationTracker";
			};
			name = Debug;
		};
		146AB1E2219D907400269B03 /* Release */ = {
			isa = XCBuildConfiguration;
			buildSettings = {
				ALWAYS_EMBED_SWIFT_STANDARD_LIBRARIES = YES;
				BUNDLE_LOADER = "$(TEST_HOST)";
				CODE_SIGN_STYLE = Automatic;
				INFOPLIST_FILE = LocationTrackerTests/Info.plist;
				LD_RUNPATH_SEARCH_PATHS = (
					"$(inherited)",
					"@executable_path/Frameworks",
					"@loader_path/Frameworks",
				);
				PRODUCT_BUNDLE_IDENTIFIER = deep.LocationTrackerTests;
				PRODUCT_NAME = "$(TARGET_NAME)";
				SWIFT_VERSION = 4.2;
				TARGETED_DEVICE_FAMILY = "1,2";
				TEST_HOST = "$(BUILT_PRODUCTS_DIR)/LocationTracker.app/LocationTracker";
			};
			name = Release;
		};
		146AB1E4219D907400269B03 /* Debug */ = {
			isa = XCBuildConfiguration;
			buildSettings = {
				ALWAYS_EMBED_SWIFT_STANDARD_LIBRARIES = YES;
				CODE_SIGN_STYLE = Automatic;
				INFOPLIST_FILE = LocationTrackerUITests/Info.plist;
				LD_RUNPATH_SEARCH_PATHS = (
					"$(inherited)",
					"@executable_path/Frameworks",
					"@loader_path/Frameworks",
				);
				PRODUCT_BUNDLE_IDENTIFIER = deep.LocationTrackerUITests;
				PRODUCT_NAME = "$(TARGET_NAME)";
				SWIFT_VERSION = 4.2;
				TARGETED_DEVICE_FAMILY = "1,2";
				TEST_TARGET_NAME = LocationTracker;
			};
			name = Debug;
		};
		146AB1E5219D907400269B03 /* Release */ = {
			isa = XCBuildConfiguration;
			buildSettings = {
				ALWAYS_EMBED_SWIFT_STANDARD_LIBRARIES = YES;
				CODE_SIGN_STYLE = Automatic;
				INFOPLIST_FILE = LocationTrackerUITests/Info.plist;
				LD_RUNPATH_SEARCH_PATHS = (
					"$(inherited)",
					"@executable_path/Frameworks",
					"@loader_path/Frameworks",
				);
				PRODUCT_BUNDLE_IDENTIFIER = deep.LocationTrackerUITests;
				PRODUCT_NAME = "$(TARGET_NAME)";
				SWIFT_VERSION = 4.2;
				TARGETED_DEVICE_FAMILY = "1,2";
				TEST_TARGET_NAME = LocationTracker;
			};
			name = Release;
		};
/* End XCBuildConfiguration section */

/* Begin XCConfigurationList section */
		146AB1AD219D907100269B03 /* Build configuration list for PBXProject "LocationTracker" */ = {
			isa = XCConfigurationList;
			buildConfigurations = (
				146AB1DB219D907400269B03 /* Debug */,
				146AB1DC219D907400269B03 /* Release */,
			);
			defaultConfigurationIsVisible = 0;
			defaultConfigurationName = Release;
		};
		146AB1DD219D907400269B03 /* Build configuration list for PBXNativeTarget "LocationTracker" */ = {
			isa = XCConfigurationList;
			buildConfigurations = (
				146AB1DE219D907400269B03 /* Debug */,
				146AB1DF219D907400269B03 /* Release */,
			);
			defaultConfigurationIsVisible = 0;
			defaultConfigurationName = Release;
		};
		146AB1E0219D907400269B03 /* Build configuration list for PBXNativeTarget "LocationTrackerTests" */ = {
			isa = XCConfigurationList;
			buildConfigurations = (
				146AB1E1219D907400269B03 /* Debug */,
				146AB1E2219D907400269B03 /* Release */,
			);
			defaultConfigurationIsVisible = 0;
			defaultConfigurationName = Release;
		};
		146AB1E3219D907400269B03 /* Build configuration list for PBXNativeTarget "LocationTrackerUITests" */ = {
			isa = XCConfigurationList;
			buildConfigurations = (
				146AB1E4219D907400269B03 /* Debug */,
				146AB1E5219D907400269B03 /* Release */,
			);
			defaultConfigurationIsVisible = 0;
			defaultConfigurationName = Release;
		};
/* End XCConfigurationList section */

/* Begin XCVersionGroup section */
		146AB1BC219D907100269B03 /* LocationTracker.xcdatamodeld */ = {
			isa = XCVersionGroup;
			children = (
				146AB1BD219D907100269B03 /* LocationTracker.xcdatamodel */,
			);
			currentVersion = 146AB1BD219D907100269B03 /* LocationTracker.xcdatamodel */;
			path = LocationTracker.xcdatamodeld;
			sourceTree = "<group>";
			versionGroupType = wrapper.xcdatamodel;
		};
/* End XCVersionGroup section */
	};
	rootObject = 146AB1AA219D907100269B03 /* Project object */;
}
